
Microsoft Visual Studio Solution File, Format Version 12.00
Project("{FAE04EC0-301F-11D3-BF4B-00C04F79EFBC}") = "PencaAPI", "PencaAPI\PencaAPI.csproj", "{DFB3B51A-A78F-4C2D-BC5F-A9583F954216}"
EndProject
Project("{2150E333-8FDC-42A3-9474-1A3956D46DE8}") = "Solution Items", "Solution Items", "{E163DC98-DE87-4AD9-82EA-1B1D37481C5C}"
	ProjectSection(SolutionItems) = preProject
		docker-compose.yml = docker-compose.yml
	EndProjectSection
EndProject
Global
	GlobalSection(SolutionConfigurationPlatforms) = preSolution
		Debug|Any CPU = Debug|Any CPU
		Release|Any CPU = Release|Any CPU
	EndGlobalSection
	GlobalSection(ProjectConfigurationPlatforms) = postSolution
		{DFB3B51A-A78F-4C2D-BC5F-A9583F954216}.Debug|Any CPU.ActiveCfg = Debug|Any CPU
		{DFB3B51A-A78F-4C2D-BC5F-A9583F954216}.Debug|Any CPU.Build.0 = Debug|Any CPU
		{DFB3B51A-A78F-4C2D-BC5F-A9583F954216}.Release|Any CPU.ActiveCfg = Release|Any CPU
		{DFB3B51A-A78F-4C2D-BC5F-A9583F954216}.Release|Any CPU.Build.0 = Release|Any CPU
	EndGlobalSection
EndGlobal
